
Microsoft Visual Studio Solution File, Format Version 12.00
# Visual Studio Version 16
VisualStudioVersion = 16.0.31624.102
MinimumVisualStudioVersion = 10.0.40219.1
Project("{2150E333-8FDC-42A3-9474-1A3956D46DE8}") = "Services", "Services", "{8A859C0A-237A-40D5-A0E5-89EEDCB373FA}"
EndProject
Project("{2150E333-8FDC-42A3-9474-1A3956D46DE8}") = "Catalog", "Catalog", "{2A06D753-D0B5-44C6-B666-E494B7341F65}"
EndProject
Project("{FAE04EC0-301F-11D3-BF4B-00C04F79EFBC}") = "Catalog.API", "Services\Catalog\Catalog.API\Catalog.API.csproj", "{284CB1BC-3FCE-42C1-B8CE-030742C05890}"
EndProject
Global
	GlobalSection(SolutionConfigurationPlatforms) = preSolution
		Debug|Any CPU = Debug|Any CPU
		Release|Any CPU = Release|Any CPU
	EndGlobalSection
	GlobalSection(ProjectConfigurationPlatforms) = postSolution
		{284CB1BC-3FCE-42C1-B8CE-030742C05890}.Debug|Any CPU.ActiveCfg = Debug|Any CPU
		{284CB1BC-3FCE-42C1-B8CE-030742C05890}.Debug|Any CPU.Build.0 = Debug|Any CPU
		{284CB1BC-3FCE-42C1-B8CE-030742C05890}.Release|Any CPU.ActiveCfg = Release|Any CPU
		{284CB1BC-3FCE-42C1-B8CE-030742C05890}.Release|Any CPU.Build.0 = Release|Any CPU
	EndGlobalSection
	GlobalSection(SolutionProperties) = preSolution
		HideSolutionNode = FALSE
	EndGlobalSection
	GlobalSection(NestedProjects) = preSolution
		{2A06D753-D0B5-44C6-B666-E494B7341F65} = {8A859C0A-237A-40D5-A0E5-89EEDCB373FA}
		{284CB1BC-3FCE-42C1-B8CE-030742C05890} = {2A06D753-D0B5-44C6-B666-E494B7341F65}
	EndGlobalSection
	GlobalSection(ExtensibilityGlobals) = postSolution
		SolutionGuid = {0BD2C8E6-47F7-470E-A57E-5DCC6F9AC6FC}
	EndGlobalSection
EndGlobal
